{
    "_meta": {
        "hash": {
            "sha256": "de288c59375e556492bab52f9235fe7e6f9c905d6a3d15b209b964bda0045b4a"
        },
        "pipfile-spec": 6,
        "requires": {
            "python_version": "3.7"
        },
        "sources": [
            {
                "name": "pypi",
                "url": "https://pypi.org/simple",
                "verify_ssl": true
            }
        ]
    },
    "default": {
        "mypy": {
            "hashes": [
                "sha256:986a7f97808a865405c5fd98fae5ebfa963c31520a56c783df159e9a81e41b3e",
                "sha256:cc5df73cc11d35655a8c364f45d07b13c8db82c000def4bd7721be13356533b4"
            ],
            "index": "pypi",
            "version": "==0.660"
        },
        "mypy-extensions": {
            "hashes": [
                "sha256:37e0e956f41369209a3d5f34580150bcacfabaa57b33a15c0b25f4b5725e0812",
                "sha256:b16cabe759f55e3409a7d231ebd2841378fb0c27a5d1994719e340e4f429ac3e"
            ],
            "version": "==0.4.1"
        },
        "typed-ast": {
            "hashes": [
                "sha256:023625bfa9359e29bd6e24cac2a4503495b49761d48a5f1e38333fc4ac4d93fe",
                "sha256:07591f7a5fdff50e2e566c4c1e9df545c75d21e27d98d18cb405727ed0ef329c",
                "sha256:153e526b0f4ffbfada72d0bb5ffe8574ba02803d2f3a9c605c8cf99dfedd72a2",
                "sha256:3ad2bdcd46a4a1518d7376e9f5016d17718a9ed3c6a3f09203d832f6c165de4a",
                "sha256:3ea98c84df53ada97ee1c5159bb3bc784bd734231235a1ede14c8ae0775049f7",
                "sha256:51a7141ccd076fa561af107cfb7a8b6d06a008d92451a1ac7e73149d18e9a827",
                "sha256:52c93cd10e6c24e7ac97e8615da9f224fd75c61770515cb323316c30830ddb33",
                "sha256:6344c84baeda3d7b33e157f0b292e4dd53d05ddb57a63f738178c01cac4635c9",
                "sha256:64699ca1b3bd5070bdeb043e6d43bc1d0cebe08008548f4a6bee782b0ecce032",
                "sha256:74903f2e56bbffe29282ef8a5487d207d10be0f8513b41aff787d954a4cf91c9",
                "sha256:7891710dba83c29ee2bd51ecaa82f60f6bede40271af781110c08be134207bf2",
                "sha256:91976c56224e26c256a0de0f76d2004ab885a29423737684b4f7ebdd2f46dde2",
                "sha256:9bad678a576ecc71f25eba9f1e3fd8d01c28c12a2834850b458428b3e855f062",
                "sha256:b4726339a4c180a8b6ad9d8b50d2b6dc247e1b79b38fe2290549c98e82e4fd15",
                "sha256:ba36f6aa3f8933edf94ea35826daf92cbb3ec248b89eccdc053d4a815d285357",
                "sha256:bbc96bde544fd19e9ef168e4dfa5c3dfe704bfa78128fa76f361d64d6b0f731a",
                "sha256:c0c927f1e44469056f7f2dada266c79b577da378bbde3f6d2ada726d131e4824",
                "sha256:c0f9a3708008aa59f560fa1bd22385e05b79b8e38e0721a15a8402b089243442",
                "sha256:f0bf6f36ff9c5643004171f11d2fdc745aa3953c5aacf2536a0685db9ceb3fb1",
                "sha256:f5be39a0146be663cbf210a4d95c3c58b2d7df7b043c9047c5448e358f0550a2",
                "sha256:fcd198bf19d9213e5cbf2cde2b9ef20a9856e716f76f9476157f90ae6de06cc6"
            ],
            "version": "==1.2.0"
        },
        "typing-extensions": {
            "hashes": [
                "sha256:07b2c978670896022a43c4b915df8958bec4a6b84add7f2c87b2b728bda3ba64",
                "sha256:f3f0e67e1d42de47b5c67c32c9b26641642e9170fe7e292991793705cd5fef7c",
                "sha256:fb2cd053238d33a8ec939190f30cfd736c00653a85a2919415cecf7dc3d9da71"
            ],
            "index": "pypi",
            "version": "==3.7.2"
        }
    },
    "develop": {}
}
