{
    "_meta": {
        "hash": {
            "sha256": "1e60190366943d55ec462c5ba1dbe1d0efe23b892dc5594b1d44c89dc0f93d6a"
        },
        "pipfile-spec": 6,
        "requires": {
            "python_version": "3.7"
        },
        "sources": [
            {
                "name": "pypi",
                "url": "https://pypi.org/simple",
                "verify_ssl": true
            }
        ]
    },
    "default": {
        "mypy": {
            "hashes": [
                "sha256:12d18bd7fc642c5d54b1bb62dde813a7e2ab79b32ee11ff206ac387c68fc2ad4",
                "sha256:23e24bc1683a36f39dee67d8ac74ea414654642eee26d420bada95b8ee8c9095",
                "sha256:2b38e64c52a8968df4ebcae0ddba4a54eb94d184695dd4e54e14509a9389b78c",
                "sha256:3d4f551466a76e278187ec3a5b26cfb50f72f6760b749aa00ac69a6f9c99898d",
                "sha256:53d5dacb8d844e50be698830509aa592b093547e7ab90aee63eb23db61109007",
                "sha256:56f981d246010ba21cac6b2455eaecfaf68fc8a5663d865b26c8e579c36f751d",
                "sha256:8c57f6f59f1e8479d9fc6e1bf034353e54626ed64e32394c613afc493a441dc1",
                "sha256:bbed4a593d87476b592d52867ef86da2155ccd0becf0c4c02e6567d842e43368",
                "sha256:d6ff850e2ba18b2db7704897c8f2f1384478e3b75ad292ec06196bf7794f3a40",
                "sha256:e13b1bb8785d7f785e0b88873f1c21cda58ceba9ce1153b58cbfa24b09a111d5",
                "sha256:e2b9ee6f648ce72d6741925a47c88c2391168ef973b6f74f17969450c5b1ffdd"
            ],
            "index": "pypi",
            "version": "==0.711"
        },
        "mypy-extensions": {
            "hashes": [
                "sha256:090fedd75945a69ae91ce1303b5824f428daf5a028d2f6ab8a299250a846f15d",
                "sha256:2d82818f5bb3e369420cb3c4060a7970edba416647068eb4c5343488a6c604a8"
            ],
            "version": "==0.4.3"
        },
        "typed-ast": {
            "hashes": [
                "sha256:1170afa46a3799e18b4c977777ce137bb53c7485379d9706af8a59f2ea1aa161",
                "sha256:18511a0b3e7922276346bcb47e2ef9f38fb90fd31cb9223eed42c85d1312344e",
                "sha256:262c247a82d005e43b5b7f69aff746370538e176131c32dda9cb0f324d27141e",
                "sha256:2b907eb046d049bcd9892e3076c7a6456c93a25bebfe554e931620c90e6a25b0",
                "sha256:354c16e5babd09f5cb0ee000d54cfa38401d8b8891eefa878ac772f827181a3c",
                "sha256:48e5b1e71f25cfdef98b013263a88d7145879fbb2d5185f2a0c79fa7ebbeae47",
                "sha256:4e0b70c6fc4d010f8107726af5fd37921b666f5b31d9331f0bd24ad9a088e631",
                "sha256:630968c5cdee51a11c05a30453f8cd65e0cc1d2ad0d9192819df9978984529f4",
                "sha256:66480f95b8167c9c5c5c87f32cf437d585937970f3fc24386f313a4c97b44e34",
                "sha256:71211d26ffd12d63a83e079ff258ac9d56a1376a25bc80b1cdcdf601b855b90b",
                "sha256:7954560051331d003b4e2b3eb822d9dd2e376fa4f6d98fee32f452f52dd6ebb2",
                "sha256:838997f4310012cf2e1ad3803bce2f3402e9ffb71ded61b5ee22617b3a7f6b6e",
                "sha256:95bd11af7eafc16e829af2d3df510cecfd4387f6453355188342c3e79a2ec87a",
                "sha256:bc6c7d3fa1325a0c6613512a093bc2a2a15aeec350451cbdf9e1d4bffe3e3233",
                "sha256:cc34a6f5b426748a507dd5d1de4c1978f2eb5626d51326e43280941206c209e1",
                "sha256:d755f03c1e4a51e9b24d899561fec4ccaf51f210d52abdf8c07ee2849b212a36",
                "sha256:d7c45933b1bdfaf9f36c579671fec15d25b06c8398f113dab64c18ed1adda01d",
                "sha256:d896919306dd0aa22d0132f62a1b78d11aaf4c9fc5b3410d3c666b818191630a",
                "sha256:fdc1c9bbf79510b76408840e009ed65958feba92a88833cdceecff93ae8fff66",
                "sha256:ffde2fbfad571af120fcbfbbc61c72469e72f550d676c3342492a9dfdefb8f12"
            ],
            "version": "==1.4.0"
        },
        "typing-extensions": {
            "hashes": [
                "sha256:091ecc894d5e908ac75209f10d5b4f118fbdb2eb1ede6a63544054bb1edb41f2",
                "sha256:910f4656f54de5993ad9304959ce9bb903f90aadc7c67a0bef07e678014e892d",
                "sha256:cf8b63fedea4d89bab840ecbb93e75578af28f76f66c35889bd7065f5af88575"
            ],
            "index": "pypi",
            "version": "==3.7.4.1"
        }
    },
    "develop": {}
}
