{
    "_meta": {
        "hash": {
            "sha256": "506f035d7f552d30b2bdf2d45d1b58fb50dfb71bec03f5e566b1669d04922411"
        },
        "pipfile-spec": 6,
        "requires": {
            "python_version": "3.7"
        },
        "sources": [
            {
                "name": "pypi",
                "url": "https://pypi.org/simple",
                "verify_ssl": true
            }
        ]
    },
    "default": {
        "mypy": {
            "hashes": [
                "sha256:03261a04ace27250cf14f1301969e2cc36ad0343dd437e60007ce42f06ddbaff",
                "sha256:6a7923e90dd8f8b8e762327e3a4dd814f0bc5581a627010f4e2ec72d906ada0f",
                "sha256:6a7c2b16ff7dee1cd4a913641d6a8da0cd386be812524f41427ea25f8fe337a6",
                "sha256:7480db0bc2bb473547c8d519ea549de9f9654170e6f5b34310094ebe5ee1c9dc",
                "sha256:863774c896f2cdc62a0e2252e9ba7aaeb7da04c0296f47c82b125dce3437c580",
                "sha256:9a990cf039891a83ee90f130256cc06d09c0793242ea38d0fe33fdc449507123",
                "sha256:b03573d0cd8c051aa9ef7f47d564cf44bbc5e91e89a7a078b3ca904b3da8855a",
                "sha256:b10b16d9aa7a01266f14260344fb25849ef0d508c512a916043f77987489aeff",
                "sha256:b1eab82221c3cc94bf22152e701b3efc9d64f60fac4cab20969a0427e5a78261",
                "sha256:e663d4424531dc99fb85c947df8a4a107442f53f20a4e0bcefaa1d21c87e1563",
                "sha256:ffac30f3fa2c9e10118cbb0faa0b7da7edb6e3c24a4048a15446a1f3409884e3"
            ],
            "index": "pypi",
            "version": "==0.700"
        },
        "mypy-extensions": {
            "hashes": [
                "sha256:090fedd75945a69ae91ce1303b5824f428daf5a028d2f6ab8a299250a846f15d",
                "sha256:2d82818f5bb3e369420cb3c4060a7970edba416647068eb4c5343488a6c604a8"
            ],
            "version": "==0.4.3"
        },
        "typed-ast": {
            "hashes": [
                "sha256:01afc9431f6a3285232915dcbff935937f0271196ed9b52f710bfe6013630554",
                "sha256:1755020d865dd621393d0453a93530e87c091aef7564189b945eee86a34df617",
                "sha256:1d9549f424d59742a4a598a4b23393e2771e32ba8c6ab2655ca186673eacbcc4",
                "sha256:23083f23c44782e6849cb58e8a8c113597fd46120209f34a2a5891384645cc56",
                "sha256:244bc007c2da0750e323657da76dab686327939fe4ff77b23ce49a01b0a85da7",
                "sha256:2c4a37edd1cd2b01aba51c2b92eb5b330cf5789e2484a42dd04a7795695450a2",
                "sha256:6a338cd66cb4cb1f5477d36d363d6fdfe8a552a2b0a485a36f1857ae79a6a0c7",
                "sha256:731f448d6dd9f055d7efd948e497c48d6a5aa681a16703ef1cd1f8023b180db3",
                "sha256:9371921a5fc80e553d4a22fc4509ae543b157215d3a936f8fc649723d66305c2",
                "sha256:9401857bf5eef5c2fe040a6dce5b3b41df7234dfbcb37585ca32aaa49283ab57",
                "sha256:b549870747445aeb6596c7b0be22a127d7e2ff5293be56283ed64dfce8238546",
                "sha256:bc4a61473c78d5f1b67c67f8504b7433d3ef1bc6e1c6a89e7c583ba1c8b9e6ee",
                "sha256:be981e1f1a205721df63e8a3d8f46d18f3fcfa5a5b7394d95d253fff3594e059",
                "sha256:c924149ae964d0379322121868c34c1580cc7054374daac27d97652d69af9973",
                "sha256:c98a849da29147e7160d84011764a23bca8c3c3b4e7568bf172fdf6147d40e25",
                "sha256:cca01d308c725013e555db9413ab4046323e9685f6fa67555f98f08cb4849200",
                "sha256:d13420d91ce835fe3a8fdfd096f0ca71bf5f47761c10ba893d31f99564650e6b",
                "sha256:d4cdcf7d0a37ebde934ec91e691c638c0272a310fbdb31a51757436a5bd58967",
                "sha256:fcfc4869bcd15eb7b90baceb50bfaf1cdfea4a9c2bfa50db17114c6665ca835e"
            ],
            "index": "pypi",
            "version": "==1.3.2"
        },
        "typing-extensions": {
            "hashes": [
                "sha256:07b2c978670896022a43c4b915df8958bec4a6b84add7f2c87b2b728bda3ba64",
                "sha256:f3f0e67e1d42de47b5c67c32c9b26641642e9170fe7e292991793705cd5fef7c",
                "sha256:fb2cd053238d33a8ec939190f30cfd736c00653a85a2919415cecf7dc3d9da71"
            ],
            "index": "pypi",
            "version": "==3.7.2"
        }
    },
    "develop": {}
}
